
Microsoft Visual Studio Solution File, Format Version 12.00
# Visual Studio Version 16
VisualStudioVersion = 16.0.31515.178
MinimumVisualStudioVersion = 10.0.40219.1
Project("{FAE04EC0-301F-11D3-BF4B-00C04F79EFBC}") = "Fixacao.Vetores.Matrizes.Listas", "Fixacao.Vetores.Matrizes.Listas.csproj", "{7E91B0E1-6C97-4F95-A575-71E2660158CA}"
EndProject
Global
	GlobalSection(SolutionConfigurationPlatforms) = preSolution
		Debug|Any CPU = Debug|Any CPU
		Release|Any CPU = Release|Any CPU
	EndGlobalSection
	GlobalSection(ProjectConfigurationPlatforms) = postSolution
		{7E91B0E1-6C97-4F95-A575-71E2660158CA}.Debug|Any CPU.ActiveCfg = Debug|Any CPU
		{7E91B0E1-6C97-4F95-A575-71E2660158CA}.Debug|Any CPU.Build.0 = Debug|Any CPU
		{7E91B0E1-6C97-4F95-A575-71E2660158CA}.Release|Any CPU.ActiveCfg = Release|Any CPU
		{7E91B0E1-6C97-4F95-A575-71E2660158CA}.Release|Any CPU.Build.0 = Release|Any CPU
	EndGlobalSection
	GlobalSection(SolutionProperties) = preSolution
		HideSolutionNode = FALSE
	EndGlobalSection
	GlobalSection(ExtensibilityGlobals) = postSolution
		SolutionGuid = {2C0118C7-A9A3-4DFA-98C9-E050251E7B82}
	EndGlobalSection
EndGlobal
